
Microsoft Visual Studio Solution File, Format Version 12.00
# Visual Studio Version 17
VisualStudioVersion = 17.3.32901.215
MinimumVisualStudioVersion = 10.0.40219.1
Project("{FAE04EC0-301F-11D3-BF4B-00C04F79EFBC}") = "Task1", "Task1\Task1.csproj", "{5F3950B2-0A8A-43C8-BAFD-68DE0B644CDA}"
EndProject
Global
	GlobalSection(SolutionConfigurationPlatforms) = preSolution
		Debug|Any CPU = Debug|Any CPU
		Release|Any CPU = Release|Any CPU
	EndGlobalSection
	GlobalSection(ProjectConfigurationPlatforms) = postSolution
		{5F3950B2-0A8A-43C8-BAFD-68DE0B644CDA}.Debug|Any CPU.ActiveCfg = Debug|Any CPU
		{5F3950B2-0A8A-43C8-BAFD-68DE0B644CDA}.Debug|Any CPU.Build.0 = Debug|Any CPU
		{5F3950B2-0A8A-43C8-BAFD-68DE0B644CDA}.Release|Any CPU.ActiveCfg = Release|Any CPU
		{5F3950B2-0A8A-43C8-BAFD-68DE0B644CDA}.Release|Any CPU.Build.0 = Release|Any CPU
	EndGlobalSection
	GlobalSection(SolutionProperties) = preSolution
		HideSolutionNode = FALSE
	EndGlobalSection
	GlobalSection(ExtensibilityGlobals) = postSolution
		SolutionGuid = {0B06768D-CFF6-466C-B4ED-7708282418A4}
	EndGlobalSection
EndGlobal
